// !$*UTF8*$!
{
	archiveVersion = 1;
	classes = {
	};
	objectVersion = 50;
	objects = {

/* Begin PBXBuildFile section */
		02AE2367248C17CB005B1370 /* AppDelegate.swift in Sources */ = {isa = PBXBuildFile; fileRef = 02AE2366248C17CB005B1370 /* AppDelegate.swift */; };
		02AE2369248C17CB005B1370 /* SceneDelegate.swift in Sources */ = {isa = PBXBuildFile; fileRef = 02AE2368248C17CB005B1370 /* SceneDelegate.swift */; };
		02AE236B248C17CB005B1370 /* ViewController.swift in Sources */ = {isa = PBXBuildFile; fileRef = 02AE236A248C17CB005B1370 /* ViewController.swift */; };
		02AE236E248C17CB005B1370 /* Main.storyboard in Resources */ = {isa = PBXBuildFile; fileRef = 02AE236C248C17CB005B1370 /* Main.storyboard */; };
		02AE2370248C17CD005B1370 /* Assets.xcassets in Resources */ = {isa = PBXBuildFile; fileRef = 02AE236F248C17CD005B1370 /* Assets.xcassets */; };
		02AE2373248C17CD005B1370 /* LaunchScreen.storyboard in Resources */ = {isa = PBXBuildFile; fileRef = 02AE2371248C17CD005B1370 /* LaunchScreen.storyboard */; };
		02AE2381248C181F005B1370 /* AppDelegate.swift in Sources */ = {isa = PBXBuildFile; fileRef = 02AE2380248C181F005B1370 /* AppDelegate.swift */; };
		02AE2383248C181F005B1370 /* SceneDelegate.swift in Sources */ = {isa = PBXBuildFile; fileRef = 02AE2382248C181F005B1370 /* SceneDelegate.swift */; };
		02AE2385248C181F005B1370 /* ViewController.swift in Sources */ = {isa = PBXBuildFile; fileRef = 02AE2384248C181F005B1370 /* ViewController.swift */; };
		02AE2388248C181F005B1370 /* Main.storyboard in Resources */ = {isa = PBXBuildFile; fileRef = 02AE2386248C181F005B1370 /* Main.storyboard */; };
		02AE238D248C1820005B1370 /* LaunchScreen.storyboard in Resources */ = {isa = PBXBuildFile; fileRef = 02AE238B248C1820005B1370 /* LaunchScreen.storyboard */; };
		02AE2393248C1F19005B1370 /* Assets.xcassets in Resources */ = {isa = PBXBuildFile; fileRef = 02AE236F248C17CD005B1370 /* Assets.xcassets */; };
/* End PBXBuildFile section */

/* Begin PBXFileReference section */
		02AE2363248C17CB005B1370 /* Artable.app */ = {isa = PBXFileReference; explicitFileType = wrapper.application; includeInIndex = 0; path = Artable.app; sourceTree = BUILT_PRODUCTS_DIR; };
		02AE2366248C17CB005B1370 /* AppDelegate.swift */ = {isa = PBXFileReference; lastKnownFileType = sourcecode.swift; path = AppDelegate.swift; sourceTree = "<group>"; };
		02AE2368248C17CB005B1370 /* SceneDelegate.swift */ = {isa = PBXFileReference; lastKnownFileType = sourcecode.swift; path = SceneDelegate.swift; sourceTree = "<group>"; };
		02AE236A248C17CB005B1370 /* ViewController.swift */ = {isa = PBXFileReference; lastKnownFileType = sourcecode.swift; path = ViewController.swift; sourceTree = "<group>"; };
		02AE236D248C17CB005B1370 /* Base */ = {isa = PBXFileReference; lastKnownFileType = file.storyboard; name = Base; path = Base.lproj/Main.storyboard; sourceTree = "<group>"; };
		02AE236F248C17CD005B1370 /* Assets.xcassets */ = {isa = PBXFileReference; lastKnownFileType = folder.assetcatalog; path = Assets.xcassets; sourceTree = "<group>"; };
		02AE2372248C17CD005B1370 /* Base */ = {isa = PBXFileReference; lastKnownFileType = file.storyboard; name = Base; path = Base.lproj/LaunchScreen.storyboard; sourceTree = "<group>"; };
		02AE2374248C17CD005B1370 /* Info.plist */ = {isa = PBXFileReference; lastKnownFileType = text.plist.xml; path = Info.plist; sourceTree = "<group>"; };
		02AE237E248C181F005B1370 /* ArtableAdmin.app */ = {isa = PBXFileReference; explicitFileType = wrapper.application; includeInIndex = 0; path = ArtableAdmin.app; sourceTree = BUILT_PRODUCTS_DIR; };
		02AE2380248C181F005B1370 /* AppDelegate.swift */ = {isa = PBXFileReference; lastKnownFileType = sourcecode.swift; path = AppDelegate.swift; sourceTree = "<group>"; };
		02AE2382248C181F005B1370 /* SceneDelegate.swift */ = {isa = PBXFileReference; lastKnownFileType = sourcecode.swift; path = SceneDelegate.swift; sourceTree = "<group>"; };
		02AE2384248C181F005B1370 /* ViewController.swift */ = {isa = PBXFileReference; lastKnownFileType = sourcecode.swift; path = ViewController.swift; sourceTree = "<group>"; };
		02AE2387248C181F005B1370 /* Base */ = {isa = PBXFileReference; lastKnownFileType = file.storyboard; name = Base; path = Base.lproj/Main.storyboard; sourceTree = "<group>"; };
		02AE238C248C1820005B1370 /* Base */ = {isa = PBXFileReference; lastKnownFileType = file.storyboard; name = Base; path = Base.lproj/LaunchScreen.storyboard; sourceTree = "<group>"; };
		02AE238E248C1820005B1370 /* Info.plist */ = {isa = PBXFileReference; lastKnownFileType = text.plist.xml; path = Info.plist; sourceTree = "<group>"; };
/* End PBXFileReference section */

/* Begin PBXFrameworksBuildPhase section */
		02AE2360248C17CB005B1370 /* Frameworks */ = {
			isa = PBXFrameworksBuildPhase;
			buildActionMask = 2147483647;
			files = (
			);
			runOnlyForDeploymentPostprocessing = 0;
		};
		02AE237B248C181F005B1370 /* Frameworks */ = {
			isa = PBXFrameworksBuildPhase;
			buildActionMask = 2147483647;
			files = (
			);
			runOnlyForDeploymentPostprocessing = 0;
		};
/* End PBXFrameworksBuildPhase section */

/* Begin PBXGroup section */
		02AE235A248C17CB005B1370 = {
			isa = PBXGroup;
			children = (
				02AE2392248C1EF7005B1370 /* Shared */,
				02AE2365248C17CB005B1370 /* Artable */,
				02AE237F248C181F005B1370 /* ArtableAdmin */,
				02AE2364248C17CB005B1370 /* Products */,
			);
			sourceTree = "<group>";
		};
		02AE2364248C17CB005B1370 /* Products */ = {
			isa = PBXGroup;
			children = (
				02AE2363248C17CB005B1370 /* Artable.app */,
				02AE237E248C181F005B1370 /* ArtableAdmin.app */,
			);
			name = Products;
			sourceTree = "<group>";
		};
		02AE2365248C17CB005B1370 /* Artable */ = {
			isa = PBXGroup;
			children = (
				02AE2366248C17CB005B1370 /* AppDelegate.swift */,
				02AE2368248C17CB005B1370 /* SceneDelegate.swift */,
				02AE236A248C17CB005B1370 /* ViewController.swift */,
				02AE236C248C17CB005B1370 /* Main.storyboard */,
				02AE2371248C17CD005B1370 /* LaunchScreen.storyboard */,
				02AE2374248C17CD005B1370 /* Info.plist */,
			);
			path = Artable;
			sourceTree = "<group>";
		};
		02AE237F248C181F005B1370 /* ArtableAdmin */ = {
			isa = PBXGroup;
			children = (
				02AE2380248C181F005B1370 /* AppDelegate.swift */,
				02AE2382248C181F005B1370 /* SceneDelegate.swift */,
				02AE2384248C181F005B1370 /* ViewController.swift */,
				02AE2386248C181F005B1370 /* Main.storyboard */,
				02AE238B248C1820005B1370 /* LaunchScreen.storyboard */,
				02AE238E248C1820005B1370 /* Info.plist */,
			);
			path = ArtableAdmin;
			sourceTree = "<group>";
		};
		02AE2392248C1EF7005B1370 /* Shared */ = {
			isa = PBXGroup;
			children = (
				02AE236F248C17CD005B1370 /* Assets.xcassets */,
			);
			path = Shared;
			sourceTree = "<group>";
		};
/* End PBXGroup section */

/* Begin PBXNativeTarget section */
		02AE2362248C17CB005B1370 /* Artable */ = {
			isa = PBXNativeTarget;
			buildConfigurationList = 02AE2377248C17CD005B1370 /* Build configuration list for PBXNativeTarget "Artable" */;
			buildPhases = (
				02AE235F248C17CB005B1370 /* Sources */,
				02AE2360248C17CB005B1370 /* Frameworks */,
				02AE2361248C17CB005B1370 /* Resources */,
			);
			buildRules = (
			);
			dependencies = (
			);
			name = Artable;
			productName = Artable;
			productReference = 02AE2363248C17CB005B1370 /* Artable.app */;
			productType = "com.apple.product-type.application";
		};
		02AE237D248C181F005B1370 /* ArtableAdmin */ = {
			isa = PBXNativeTarget;
			buildConfigurationList = 02AE238F248C1820005B1370 /* Build configuration list for PBXNativeTarget "ArtableAdmin" */;
			buildPhases = (
				02AE237A248C181F005B1370 /* Sources */,
				02AE237B248C181F005B1370 /* Frameworks */,
				02AE237C248C181F005B1370 /* Resources */,
			);
			buildRules = (
			);
			dependencies = (
			);
			name = ArtableAdmin;
			productName = ArtableAdmin;
			productReference = 02AE237E248C181F005B1370 /* ArtableAdmin.app */;
			productType = "com.apple.product-type.application";
		};
/* End PBXNativeTarget section */

/* Begin PBXProject section */
		02AE235B248C17CB005B1370 /* Project object */ = {
			isa = PBXProject;
			attributes = {
				LastSwiftUpdateCheck = 1130;
				LastUpgradeCheck = 1130;
				ORGANIZATIONNAME = "Kunal Dhingra";
				TargetAttributes = {
					02AE2362248C17CB005B1370 = {
						CreatedOnToolsVersion = 11.3.1;
					};
					02AE237D248C181F005B1370 = {
						CreatedOnToolsVersion = 11.3.1;
					};
				};
			};
			buildConfigurationList = 02AE235E248C17CB005B1370 /* Build configuration list for PBXProject "Artable" */;
			compatibilityVersion = "Xcode 9.3";
			developmentRegion = en;
			hasScannedForEncodings = 0;
			knownRegions = (
				en,
				Base,
			);
			mainGroup = 02AE235A248C17CB005B1370;
			productRefGroup = 02AE2364248C17CB005B1370 /* Products */;
			projectDirPath = "";
			projectRoot = "";
			targets = (
				02AE2362248C17CB005B1370 /* Artable */,
				02AE237D248C181F005B1370 /* ArtableAdmin */,
			);
		};
/* End PBXProject section */

/* Begin PBXResourcesBuildPhase section */
		02AE2361248C17CB005B1370 /* Resources */ = {
			isa = PBXResourcesBuildPhase;
			buildActionMask = 2147483647;
			files = (
				02AE2373248C17CD005B1370 /* LaunchScreen.storyboard in Resources */,
				02AE2370248C17CD005B1370 /* Assets.xcassets in Resources */,
				02AE236E248C17CB005B1370 /* Main.storyboard in Resources */,
			);
			runOnlyForDeploymentPostprocessing = 0;
		};
		02AE237C248C181F005B1370 /* Resources */ = {
			isa = PBXResourcesBuildPhase;
			buildActionMask = 2147483647;
			files = (
				02AE238D248C1820005B1370 /* LaunchScreen.storyboard in Resources */,
				02AE2393248C1F19005B1370 /* Assets.xcassets in Resources */,
				02AE2388248C181F005B1370 /* Main.storyboard in Resources */,
			);
			runOnlyForDeploymentPostprocessing = 0;
		};
/* End PBXResourcesBuildPhase section */

/* Begin PBXSourcesBuildPhase section */
		02AE235F248C17CB005B1370 /* Sources */ = {
			isa = PBXSourcesBuildPhase;
			buildActionMask = 2147483647;
			files = (
				02AE236B248C17CB005B1370 /* ViewController.swift in Sources */,
				02AE2367248C17CB005B1370 /* AppDelegate.swift in Sources */,
				02AE2369248C17CB005B1370 /* SceneDelegate.swift in Sources */,
			);
			runOnlyForDeploymentPostprocessing = 0;
		};
		02AE237A248C181F005B1370 /* Sources */ = {
			isa = PBXSourcesBuildPhase;
			buildActionMask = 2147483647;
			files = (
				02AE2385248C181F005B1370 /* ViewController.swift in Sources */,
				02AE2381248C181F005B1370 /* AppDelegate.swift in Sources */,
				02AE2383248C181F005B1370 /* SceneDelegate.swift in Sources */,
			);
			runOnlyForDeploymentPostprocessing = 0;
		};
/* End PBXSourcesBuildPhase section */

/* Begin PBXVariantGroup section */
		02AE236C248C17CB005B1370 /* Main.storyboard */ = {
			isa = PBXVariantGroup;
			children = (
				02AE236D248C17CB005B1370 /* Base */,
			);
			name = Main.storyboard;
			sourceTree = "<group>";
		};
		02AE2371248C17CD005B1370 /* LaunchScreen.storyboard */ = {
			isa = PBXVariantGroup;
			children = (
				02AE2372248C17CD005B1370 /* Base */,
			);
			name = LaunchScreen.storyboard;
			sourceTree = "<group>";
		};
		02AE2386248C181F005B1370 /* Main.storyboard */ = {
			isa = PBXVariantGroup;
			children = (
				02AE2387248C181F005B1370 /* Base */,
			);
			name = Main.storyboard;
			sourceTree = "<group>";
		};
		02AE238B248C1820005B1370 /* LaunchScreen.storyboard */ = {
			isa = PBXVariantGroup;
			children = (
				02AE238C248C1820005B1370 /* Base */,
			);
			name = LaunchScreen.storyboard;
			sourceTree = "<group>";
		};
/* End PBXVariantGroup section */

/* Begin XCBuildConfiguration section */
		02AE2375248C17CD005B1370 /* Debug */ = {
			isa = XCBuildConfiguration;
			buildSettings = {
				ALWAYS_SEARCH_USER_PATHS = NO;
				CLANG_ANALYZER_NONNULL = YES;
				CLANG_ANALYZER_NUMBER_OBJECT_CONVERSION = YES_AGGRESSIVE;
				CLANG_CXX_LANGUAGE_STANDARD = "gnu++14";
				CLANG_CXX_LIBRARY = "libc++";
				CLANG_ENABLE_MODULES = YES;
				CLANG_ENABLE_OBJC_ARC = YES;
				CLANG_ENABLE_OBJC_WEAK = YES;
				CLANG_WARN_BLOCK_CAPTURE_AUTORELEASING = YES;
				CLANG_WARN_BOOL_CONVERSION = YES;
				CLANG_WARN_COMMA = YES;
				CLANG_WARN_CONSTANT_CONVERSION = YES;
				CLANG_WARN_DEPRECATED_OBJC_IMPLEMENTATIONS = YES;
				CLANG_WARN_DIRECT_OBJC_ISA_USAGE = YES_ERROR;
				CLANG_WARN_DOCUMENTATION_COMMENTS = YES;
				CLANG_WARN_EMPTY_BODY = YES;
				CLANG_WARN_ENUM_CONVERSION = YES;
				CLANG_WARN_INFINITE_RECURSION = YES;
				CLANG_WARN_INT_CONVERSION = YES;
				CLANG_WARN_NON_LITERAL_NULL_CONVERSION = YES;
				CLANG_WARN_OBJC_IMPLICIT_RETAIN_SELF = YES;
				CLANG_WARN_OBJC_LITERAL_CONVERSION = YES;
				CLANG_WARN_OBJC_ROOT_CLASS = YES_ERROR;
				CLANG_WARN_RANGE_LOOP_ANALYSIS = YES;
				CLANG_WARN_STRICT_PROTOTYPES = YES;
				CLANG_WARN_SUSPICIOUS_MOVE = YES;
				CLANG_WARN_UNGUARDED_AVAILABILITY = YES_AGGRESSIVE;
				CLANG_WARN_UNREACHABLE_CODE = YES;
				CLANG_WARN__DUPLICATE_METHOD_MATCH = YES;
				COPY_PHASE_STRIP = NO;
				DEBUG_INFORMATION_FORMAT = dwarf;
				ENABLE_STRICT_OBJC_MSGSEND = YES;
				ENABLE_TESTABILITY = YES;
				GCC_C_LANGUAGE_STANDARD = gnu11;
				GCC_DYNAMIC_NO_PIC = NO;
				GCC_NO_COMMON_BLOCKS = YES;
				GCC_OPTIMIZATION_LEVEL = 0;
				GCC_PREPROCESSOR_DEFINITIONS = (
					"DEBUG=1",
					"$(inherited)",
				);
				GCC_WARN_64_TO_32_BIT_CONVERSION = YES;
				GCC_WARN_ABOUT_RETURN_TYPE = YES_ERROR;
				GCC_WARN_UNDECLARED_SELECTOR = YES;
				GCC_WARN_UNINITIALIZED_AUTOS = YES_AGGRESSIVE;
				GCC_WARN_UNUSED_FUNCTION = YES;
				GCC_WARN_UNUSED_VARIABLE = YES;
				IPHONEOS_DEPLOYMENT_TARGET = 13.2;
				MTL_ENABLE_DEBUG_INFO = INCLUDE_SOURCE;
				MTL_FAST_MATH = YES;
				ONLY_ACTIVE_ARCH = YES;
				SDKROOT = iphoneos;
				SWIFT_ACTIVE_COMPILATION_CONDITIONS = DEBUG;
				SWIFT_OPTIMIZATION_LEVEL = "-Onone";
			};
			name = Debug;
		};
		02AE2376248C17CD005B1370 /* Release */ = {
			isa = XCBuildConfiguration;
			buildSettings = {
				ALWAYS_SEARCH_USER_PATHS = NO;
				CLANG_ANALYZER_NONNULL = YES;
				CLANG_ANALYZER_NUMBER_OBJECT_CONVERSION = YES_AGGRESSIVE;
				CLANG_CXX_LANGUAGE_STANDARD = "gnu++14";
				CLANG_CXX_LIBRARY = "libc++";
				CLANG_ENABLE_MODULES = YES;
				CLANG_ENABLE_OBJC_ARC = YES;
				CLANG_ENABLE_OBJC_WEAK = YES;
				CLANG_WARN_BLOCK_CAPTURE_AUTORELEASING = YES;
				CLANG_WARN_BOOL_CONVERSION = YES;
				CLANG_WARN_COMMA = YES;
				CLANG_WARN_CONSTANT_CONVERSION = YES;
				CLANG_WARN_DEPRECATED_OBJC_IMPLEMENTATIONS = YES;
				CLANG_WARN_DIRECT_OBJC_ISA_USAGE = YES_ERROR;
				CLANG_WARN_DOCUMENTATION_COMMENTS = YES;
				CLANG_WARN_EMPTY_BODY = YES;
				CLANG_WARN_ENUM_CONVERSION = YES;
				CLANG_WARN_INFINITE_RECURSION = YES;
				CLANG_WARN_INT_CONVERSION = YES;
				CLANG_WARN_NON_LITERAL_NULL_CONVERSION = YES;
				CLANG_WARN_OBJC_IMPLICIT_RETAIN_SELF = YES;
				CLANG_WARN_OBJC_LITERAL_CONVERSION = YES;
				CLANG_WARN_OBJC_ROOT_CLASS = YES_ERROR;
				CLANG_WARN_RANGE_LOOP_ANALYSIS = YES;
				CLANG_WARN_STRICT_PROTOTYPES = YES;
				CLANG_WARN_SUSPICIOUS_MOVE = YES;
				CLANG_WARN_UNGUARDED_AVAILABILITY = YES_AGGRESSIVE;
				CLANG_WARN_UNREACHABLE_CODE = YES;
				CLANG_WARN__DUPLICATE_METHOD_MATCH = YES;
				COPY_PHASE_STRIP = NO;
				DEBUG_INFORMATION_FORMAT = "dwarf-with-dsym";
				ENABLE_NS_ASSERTIONS = NO;
				ENABLE_STRICT_OBJC_MSGSEND = YES;
				GCC_C_LANGUAGE_STANDARD = gnu11;
				GCC_NO_COMMON_BLOCKS = YES;
				GCC_WARN_64_TO_32_BIT_CONVERSION = YES;
				GCC_WARN_ABOUT_RETURN_TYPE = YES_ERROR;
				GCC_WARN_UNDECLARED_SELECTOR = YES;
				GCC_WARN_UNINITIALIZED_AUTOS = YES_AGGRESSIVE;
				GCC_WARN_UNUSED_FUNCTION = YES;
				GCC_WARN_UNUSED_VARIABLE = YES;
				IPHONEOS_DEPLOYMENT_TARGET = 13.2;
				MTL_ENABLE_DEBUG_INFO = NO;
				MTL_FAST_MATH = YES;
				SDKROOT = iphoneos;
				SWIFT_COMPILATION_MODE = wholemodule;
				SWIFT_OPTIMIZATION_LEVEL = "-O";
				VALIDATE_PRODUCT = YES;
			};
			name = Release;
		};
		02AE2378248C17CD005B1370 /* Debug */ = {
			isa = XCBuildConfiguration;
			buildSettings = {
				ASSETCATALOG_COMPILER_APPICON_NAME = AppIcon;
				CODE_SIGN_STYLE = Automatic;
				INFOPLIST_FILE = Artable/Info.plist;
				LD_RUNPATH_SEARCH_PATHS = (
					"$(inherited)",
					"@executable_path/Frameworks",
				);
				PRODUCT_BUNDLE_IDENTIFIER = Kunal.Artable;
				PRODUCT_NAME = "$(TARGET_NAME)";
				SWIFT_VERSION = 5.0;
				TARGETED_DEVICE_FAMILY = "1,2";
			};
			name = Debug;
		};
		02AE2379248C17CD005B1370 /* Release */ = {
			isa = XCBuildConfiguration;
			buildSettings = {
				ASSETCATALOG_COMPILER_APPICON_NAME = AppIcon;
				CODE_SIGN_STYLE = Automatic;
				INFOPLIST_FILE = Artable/Info.plist;
				LD_RUNPATH_SEARCH_PATHS = (
					"$(inherited)",
					"@executable_path/Frameworks",
				);
				PRODUCT_BUNDLE_IDENTIFIER = Kunal.Artable;
				PRODUCT_NAME = "$(TARGET_NAME)";
				SWIFT_VERSION = 5.0;
				TARGETED_DEVICE_FAMILY = "1,2";
			};
			name = Release;
		};
		02AE2390248C1820005B1370 /* Debug */ = {
			isa = XCBuildConfiguration;
			buildSettings = {
				ASSETCATALOG_COMPILER_APPICON_NAME = AppIcon;
				CODE_SIGN_STYLE = Automatic;
				INFOPLIST_FILE = ArtableAdmin/Info.plist;
				LD_RUNPATH_SEARCH_PATHS = (
					"$(inherited)",
					"@executable_path/Frameworks",
				);
				PRODUCT_BUNDLE_IDENTIFIER = Kunal.ArtableAdmin;
				PRODUCT_NAME = "$(TARGET_NAME)";
				SWIFT_VERSION = 5.0;
				TARGETED_DEVICE_FAMILY = "1,2";
			};
			name = Debug;
		};
		02AE2391248C1820005B1370 /* Release */ = {
			isa = XCBuildConfiguration;
			buildSettings = {
				ASSETCATALOG_COMPILER_APPICON_NAME = AppIcon;
				CODE_SIGN_STYLE = Automatic;
				INFOPLIST_FILE = ArtableAdmin/Info.plist;
				LD_RUNPATH_SEARCH_PATHS = (
					"$(inherited)",
					"@executable_path/Frameworks",
				);
				PRODUCT_BUNDLE_IDENTIFIER = Kunal.ArtableAdmin;
				PRODUCT_NAME = "$(TARGET_NAME)";
				SWIFT_VERSION = 5.0;
				TARGETED_DEVICE_FAMILY = "1,2";
			};
			name = Release;
		};
/* End XCBuildConfiguration section */

/* Begin XCConfigurationList section */
		02AE235E248C17CB005B1370 /* Build configuration list for PBXProject "Artable" */ = {
			isa = XCConfigurationList;
			buildConfigurations = (
				02AE2375248C17CD005B1370 /* Debug */,
				02AE2376248C17CD005B1370 /* Release */,
			);
			defaultConfigurationIsVisible = 0;
			defaultConfigurationName = Release;
		};
		02AE2377248C17CD005B1370 /* Build configuration list for PBXNativeTarget "Artable" */ = {
			isa = XCConfigurationList;
			buildConfigurations = (
				02AE2378248C17CD005B1370 /* Debug */,
				02AE2379248C17CD005B1370 /* Release */,
			);
			defaultConfigurationIsVisible = 0;
			defaultConfigurationName = Release;
		};
		02AE238F248C1820005B1370 /* Build configuration list for PBXNativeTarget "ArtableAdmin" */ = {
			isa = XCConfigurationList;
			buildConfigurations = (
				02AE2390248C1820005B1370 /* Debug */,
				02AE2391248C1820005B1370 /* Release */,
			);
			defaultConfigurationIsVisible = 0;
			defaultConfigurationName = Release;
		};
/* End XCConfigurationList section */
	};
	rootObject = 02AE235B248C17CB005B1370 /* Project object */;
}
