// !$*UTF8*$!
{
	archiveVersion = 1;
	classes = {
	};
	objectVersion = 51;
	objects = {

/* Begin PBXBuildFile section */
		0215C137248DB1B20070F60F /* LoginVC.swift in Sources */ = {isa = PBXBuildFile; fileRef = 0215C136248DB1B20070F60F /* LoginVC.swift */; };
		0215C13B248DB3480070F60F /* RegisterVC.swift in Sources */ = {isa = PBXBuildFile; fileRef = 0215C13A248DB3480070F60F /* RegisterVC.swift */; };
		0215C140248DBF360070F60F /* Extensions.swift in Sources */ = {isa = PBXBuildFile; fileRef = 0215C13F248DBF360070F60F /* Extensions.swift */; };
		0215C142248DCB960070F60F /* Constants.swift in Sources */ = {isa = PBXBuildFile; fileRef = 0215C141248DCB960070F60F /* Constants.swift */; };
		0215C145248DD0370070F60F /* RoundedViews.swift in Sources */ = {isa = PBXBuildFile; fileRef = 0215C144248DD0370070F60F /* RoundedViews.swift */; };
		028BA2C4248F0EB8006B7C6C /* ForgotPasswordVC.swift in Sources */ = {isa = PBXBuildFile; fileRef = 028BA2C2248F0EB8006B7C6C /* ForgotPasswordVC.swift */; };
		028BA2C5248F0EB8006B7C6C /* ForgotPasswordVC.xib in Resources */ = {isa = PBXBuildFile; fileRef = 028BA2C3248F0EB8006B7C6C /* ForgotPasswordVC.xib */; };
		028BA2C7248F1B93006B7C6C /* FirebaseErrors.swift in Sources */ = {isa = PBXBuildFile; fileRef = 028BA2C6248F1B93006B7C6C /* FirebaseErrors.swift */; };
		028BA2C8248F1C8E006B7C6C /* FirebaseErrors.swift in Sources */ = {isa = PBXBuildFile; fileRef = 028BA2C6248F1B93006B7C6C /* FirebaseErrors.swift */; };
		028BA2CA24900376006B7C6C /* Category.swift in Sources */ = {isa = PBXBuildFile; fileRef = 028BA2C924900376006B7C6C /* Category.swift */; };
		028BA2CB24900376006B7C6C /* Category.swift in Sources */ = {isa = PBXBuildFile; fileRef = 028BA2C924900376006B7C6C /* Category.swift */; };
		028BA2CE2490047D006B7C6C /* CategoryCell.swift in Sources */ = {isa = PBXBuildFile; fileRef = 028BA2CC2490047D006B7C6C /* CategoryCell.swift */; };
		028BA2CF2490047D006B7C6C /* CategoryCell.swift in Sources */ = {isa = PBXBuildFile; fileRef = 028BA2CC2490047D006B7C6C /* CategoryCell.swift */; };
		028BA2D02490047D006B7C6C /* CategoryCell.xib in Resources */ = {isa = PBXBuildFile; fileRef = 028BA2CD2490047D006B7C6C /* CategoryCell.xib */; };
		028BA2D12490047D006B7C6C /* CategoryCell.xib in Resources */ = {isa = PBXBuildFile; fileRef = 028BA2CD2490047D006B7C6C /* CategoryCell.xib */; };
		028BA2D424902B0C006B7C6C /* ProductsVC.swift in Sources */ = {isa = PBXBuildFile; fileRef = 028BA2D324902B0C006B7C6C /* ProductsVC.swift */; };
		028BA2D524902B0F006B7C6C /* ProductsVC.swift in Sources */ = {isa = PBXBuildFile; fileRef = 028BA2D324902B0C006B7C6C /* ProductsVC.swift */; };
		028BA2D724902B75006B7C6C /* Product.swift in Sources */ = {isa = PBXBuildFile; fileRef = 028BA2D624902B75006B7C6C /* Product.swift */; };
		028BA2D824902B75006B7C6C /* Product.swift in Sources */ = {isa = PBXBuildFile; fileRef = 028BA2D624902B75006B7C6C /* Product.swift */; };
		028BA2DB24902EBD006B7C6C /* ProductCell.swift in Sources */ = {isa = PBXBuildFile; fileRef = 028BA2D924902EBD006B7C6C /* ProductCell.swift */; };
		028BA2DC24902EBD006B7C6C /* ProductCell.swift in Sources */ = {isa = PBXBuildFile; fileRef = 028BA2D924902EBD006B7C6C /* ProductCell.swift */; };
		028BA2DD24902EBD006B7C6C /* ProductCell.xib in Resources */ = {isa = PBXBuildFile; fileRef = 028BA2DA24902EBD006B7C6C /* ProductCell.xib */; };
		028BA2DE24902EBD006B7C6C /* ProductCell.xib in Resources */ = {isa = PBXBuildFile; fileRef = 028BA2DA24902EBD006B7C6C /* ProductCell.xib */; };
		028BA2E12492F4AD006B7C6C /* ProductDetailVC.swift in Sources */ = {isa = PBXBuildFile; fileRef = 028BA2DF2492F4AD006B7C6C /* ProductDetailVC.swift */; };
		028BA2E22492F4AD006B7C6C /* ProductDetailVC.swift in Sources */ = {isa = PBXBuildFile; fileRef = 028BA2DF2492F4AD006B7C6C /* ProductDetailVC.swift */; };
		028BA2E32492F4AD006B7C6C /* ProductDetailVC.xib in Resources */ = {isa = PBXBuildFile; fileRef = 028BA2E02492F4AD006B7C6C /* ProductDetailVC.xib */; };
		028BA2E42492F4AD006B7C6C /* ProductDetailVC.xib in Resources */ = {isa = PBXBuildFile; fileRef = 028BA2E02492F4AD006B7C6C /* ProductDetailVC.xib */; };
		028BA2E524930E13006B7C6C /* HomeVC.swift in Sources */ = {isa = PBXBuildFile; fileRef = 02AE236A248C17CB005B1370 /* HomeVC.swift */; };
		028BA2E624930F7B006B7C6C /* RoundedViews.swift in Sources */ = {isa = PBXBuildFile; fileRef = 0215C144248DD0370070F60F /* RoundedViews.swift */; };
		028BA2E724930F8B006B7C6C /* Extensions.swift in Sources */ = {isa = PBXBuildFile; fileRef = 0215C13F248DBF360070F60F /* Extensions.swift */; };
		028BA2E824930F8F006B7C6C /* Constants.swift in Sources */ = {isa = PBXBuildFile; fileRef = 0215C141248DCB960070F60F /* Constants.swift */; };
		028BA2EB249312FC006B7C6C /* AddEditCategoryVC.swift in Sources */ = {isa = PBXBuildFile; fileRef = 028BA2E9249312FC006B7C6C /* AddEditCategoryVC.swift */; };
		02AE2367248C17CB005B1370 /* AppDelegate.swift in Sources */ = {isa = PBXBuildFile; fileRef = 02AE2366248C17CB005B1370 /* AppDelegate.swift */; };
		02AE236B248C17CB005B1370 /* HomeVC.swift in Sources */ = {isa = PBXBuildFile; fileRef = 02AE236A248C17CB005B1370 /* HomeVC.swift */; };
		02AE236E248C17CB005B1370 /* Main.storyboard in Resources */ = {isa = PBXBuildFile; fileRef = 02AE236C248C17CB005B1370 /* Main.storyboard */; };
		02AE2370248C17CD005B1370 /* Assets.xcassets in Resources */ = {isa = PBXBuildFile; fileRef = 02AE236F248C17CD005B1370 /* Assets.xcassets */; };
		02AE2373248C17CD005B1370 /* LaunchScreen.storyboard in Resources */ = {isa = PBXBuildFile; fileRef = 02AE2371248C17CD005B1370 /* LaunchScreen.storyboard */; };
		02AE2381248C181F005B1370 /* AppDelegate.swift in Sources */ = {isa = PBXBuildFile; fileRef = 02AE2380248C181F005B1370 /* AppDelegate.swift */; };
		02AE2383248C181F005B1370 /* SceneDelegate.swift in Sources */ = {isa = PBXBuildFile; fileRef = 02AE2382248C181F005B1370 /* SceneDelegate.swift */; };
		02AE2385248C181F005B1370 /* AdminHomeVC.swift in Sources */ = {isa = PBXBuildFile; fileRef = 02AE2384248C181F005B1370 /* AdminHomeVC.swift */; };
		02AE2388248C181F005B1370 /* Main.storyboard in Resources */ = {isa = PBXBuildFile; fileRef = 02AE2386248C181F005B1370 /* Main.storyboard */; };
		02AE238D248C1820005B1370 /* LaunchScreen.storyboard in Resources */ = {isa = PBXBuildFile; fileRef = 02AE238B248C1820005B1370 /* LaunchScreen.storyboard */; };
		02AE2393248C1F19005B1370 /* Assets.xcassets in Resources */ = {isa = PBXBuildFile; fileRef = 02AE236F248C17CD005B1370 /* Assets.xcassets */; };
		02AE2395248C2B27005B1370 /* LoginStoryboard.storyboard in Resources */ = {isa = PBXBuildFile; fileRef = 02AE2394248C2B27005B1370 /* LoginStoryboard.storyboard */; };
		02AE2397248C7F61005B1370 /* GoogleService-Info.plist in Resources */ = {isa = PBXBuildFile; fileRef = 02AE2396248C7F61005B1370 /* GoogleService-Info.plist */; };
		02AE239D248C97DC005B1370 /* GoogleService-Info.plist in Resources */ = {isa = PBXBuildFile; fileRef = 02AE239C248C97DC005B1370 /* GoogleService-Info.plist */; };
		02D513B524942B9C001D284F /* AdminProductsVC.swift in Sources */ = {isa = PBXBuildFile; fileRef = 02D513B424942B9C001D284F /* AdminProductsVC.swift */; };
		02D513B724943123001D284F /* AddEditProductVC.swift in Sources */ = {isa = PBXBuildFile; fileRef = 02D513B624943123001D284F /* AddEditProductVC.swift */; };
		DD96E1CE511936054BB3745E /* Pods_Artable.framework in Frameworks */ = {isa = PBXBuildFile; fileRef = 033530A12D1505154C5F0CD1 /* Pods_Artable.framework */; };
		ED1686103489A971DB408D04 /* Pods_ArtableAdmin.framework in Frameworks */ = {isa = PBXBuildFile; fileRef = 8E9985345850D49F929CE273 /* Pods_ArtableAdmin.framework */; };
/* End PBXBuildFile section */

/* Begin PBXFileReference section */
		0215C136248DB1B20070F60F /* LoginVC.swift */ = {isa = PBXFileReference; lastKnownFileType = sourcecode.swift; path = LoginVC.swift; sourceTree = "<group>"; };
		0215C13A248DB3480070F60F /* RegisterVC.swift */ = {isa = PBXFileReference; lastKnownFileType = sourcecode.swift; path = RegisterVC.swift; sourceTree = "<group>"; };
		0215C13F248DBF360070F60F /* Extensions.swift */ = {isa = PBXFileReference; lastKnownFileType = sourcecode.swift; path = Extensions.swift; sourceTree = "<group>"; };
		0215C141248DCB960070F60F /* Constants.swift */ = {isa = PBXFileReference; lastKnownFileType = sourcecode.swift; path = Constants.swift; sourceTree = "<group>"; };
		0215C144248DD0370070F60F /* RoundedViews.swift */ = {isa = PBXFileReference; lastKnownFileType = sourcecode.swift; path = RoundedViews.swift; sourceTree = "<group>"; };
		028BA2C2248F0EB8006B7C6C /* ForgotPasswordVC.swift */ = {isa = PBXFileReference; lastKnownFileType = sourcecode.swift; path = ForgotPasswordVC.swift; sourceTree = "<group>"; };
		028BA2C3248F0EB8006B7C6C /* ForgotPasswordVC.xib */ = {isa = PBXFileReference; lastKnownFileType = file.xib; path = ForgotPasswordVC.xib; sourceTree = "<group>"; };
		028BA2C6248F1B93006B7C6C /* FirebaseErrors.swift */ = {isa = PBXFileReference; lastKnownFileType = sourcecode.swift; path = FirebaseErrors.swift; sourceTree = "<group>"; };
		028BA2C924900376006B7C6C /* Category.swift */ = {isa = PBXFileReference; lastKnownFileType = sourcecode.swift; path = Category.swift; sourceTree = "<group>"; };
		028BA2CC2490047D006B7C6C /* CategoryCell.swift */ = {isa = PBXFileReference; lastKnownFileType = sourcecode.swift; path = CategoryCell.swift; sourceTree = "<group>"; };
		028BA2CD2490047D006B7C6C /* CategoryCell.xib */ = {isa = PBXFileReference; lastKnownFileType = file.xib; path = CategoryCell.xib; sourceTree = "<group>"; };
		028BA2D324902B0C006B7C6C /* ProductsVC.swift */ = {isa = PBXFileReference; lastKnownFileType = sourcecode.swift; path = ProductsVC.swift; sourceTree = "<group>"; };
		028BA2D624902B75006B7C6C /* Product.swift */ = {isa = PBXFileReference; lastKnownFileType = sourcecode.swift; path = Product.swift; sourceTree = "<group>"; };
		028BA2D924902EBD006B7C6C /* ProductCell.swift */ = {isa = PBXFileReference; lastKnownFileType = sourcecode.swift; path = ProductCell.swift; sourceTree = "<group>"; };
		028BA2DA24902EBD006B7C6C /* ProductCell.xib */ = {isa = PBXFileReference; lastKnownFileType = file.xib; path = ProductCell.xib; sourceTree = "<group>"; };
		028BA2DF2492F4AD006B7C6C /* ProductDetailVC.swift */ = {isa = PBXFileReference; lastKnownFileType = sourcecode.swift; path = ProductDetailVC.swift; sourceTree = "<group>"; };
		028BA2E02492F4AD006B7C6C /* ProductDetailVC.xib */ = {isa = PBXFileReference; lastKnownFileType = file.xib; path = ProductDetailVC.xib; sourceTree = "<group>"; };
		028BA2E9249312FC006B7C6C /* AddEditCategoryVC.swift */ = {isa = PBXFileReference; lastKnownFileType = sourcecode.swift; path = AddEditCategoryVC.swift; sourceTree = "<group>"; };
		02AE2363248C17CB005B1370 /* Artable.app */ = {isa = PBXFileReference; explicitFileType = wrapper.application; includeInIndex = 0; path = Artable.app; sourceTree = BUILT_PRODUCTS_DIR; };
		02AE2366248C17CB005B1370 /* AppDelegate.swift */ = {isa = PBXFileReference; lastKnownFileType = sourcecode.swift; path = AppDelegate.swift; sourceTree = "<group>"; };
		02AE236A248C17CB005B1370 /* HomeVC.swift */ = {isa = PBXFileReference; lastKnownFileType = sourcecode.swift; path = HomeVC.swift; sourceTree = "<group>"; };
		02AE236D248C17CB005B1370 /* Base */ = {isa = PBXFileReference; lastKnownFileType = file.storyboard; name = Base; path = Base.lproj/Main.storyboard; sourceTree = "<group>"; };
		02AE236F248C17CD005B1370 /* Assets.xcassets */ = {isa = PBXFileReference; lastKnownFileType = folder.assetcatalog; path = Assets.xcassets; sourceTree = "<group>"; };
		02AE2372248C17CD005B1370 /* Base */ = {isa = PBXFileReference; lastKnownFileType = file.storyboard; name = Base; path = Base.lproj/LaunchScreen.storyboard; sourceTree = "<group>"; };
		02AE2374248C17CD005B1370 /* Info.plist */ = {isa = PBXFileReference; lastKnownFileType = text.plist.xml; path = Info.plist; sourceTree = "<group>"; };
		02AE237E248C181F005B1370 /* ArtableAdmin.app */ = {isa = PBXFileReference; explicitFileType = wrapper.application; includeInIndex = 0; path = ArtableAdmin.app; sourceTree = BUILT_PRODUCTS_DIR; };
		02AE2380248C181F005B1370 /* AppDelegate.swift */ = {isa = PBXFileReference; lastKnownFileType = sourcecode.swift; path = AppDelegate.swift; sourceTree = "<group>"; };
		02AE2382248C181F005B1370 /* SceneDelegate.swift */ = {isa = PBXFileReference; lastKnownFileType = sourcecode.swift; path = SceneDelegate.swift; sourceTree = "<group>"; };
		02AE2384248C181F005B1370 /* AdminHomeVC.swift */ = {isa = PBXFileReference; lastKnownFileType = sourcecode.swift; path = AdminHomeVC.swift; sourceTree = "<group>"; };
		02AE2387248C181F005B1370 /* Base */ = {isa = PBXFileReference; lastKnownFileType = file.storyboard; name = Base; path = Base.lproj/Main.storyboard; sourceTree = "<group>"; };
		02AE238C248C1820005B1370 /* Base */ = {isa = PBXFileReference; lastKnownFileType = file.storyboard; name = Base; path = Base.lproj/LaunchScreen.storyboard; sourceTree = "<group>"; };
		02AE238E248C1820005B1370 /* Info.plist */ = {isa = PBXFileReference; lastKnownFileType = text.plist.xml; path = Info.plist; sourceTree = "<group>"; };
		02AE2394248C2B27005B1370 /* LoginStoryboard.storyboard */ = {isa = PBXFileReference; lastKnownFileType = file.storyboard; path = LoginStoryboard.storyboard; sourceTree = "<group>"; };
		02AE2396248C7F61005B1370 /* GoogleService-Info.plist */ = {isa = PBXFileReference; fileEncoding = 4; lastKnownFileType = text.plist.xml; path = "GoogleService-Info.plist"; sourceTree = "<group>"; };
		02AE239C248C97DC005B1370 /* GoogleService-Info.plist */ = {isa = PBXFileReference; fileEncoding = 4; lastKnownFileType = text.plist.xml; path = "GoogleService-Info.plist"; sourceTree = "<group>"; };
		02D513B424942B9C001D284F /* AdminProductsVC.swift */ = {isa = PBXFileReference; lastKnownFileType = sourcecode.swift; path = AdminProductsVC.swift; sourceTree = "<group>"; };
		02D513B624943123001D284F /* AddEditProductVC.swift */ = {isa = PBXFileReference; lastKnownFileType = sourcecode.swift; path = AddEditProductVC.swift; sourceTree = "<group>"; };
		033530A12D1505154C5F0CD1 /* Pods_Artable.framework */ = {isa = PBXFileReference; explicitFileType = wrapper.framework; includeInIndex = 0; path = Pods_Artable.framework; sourceTree = BUILT_PRODUCTS_DIR; };
		50826E525D7D493EB7B9A4AA /* Pods-Artable.debug.xcconfig */ = {isa = PBXFileReference; includeInIndex = 1; lastKnownFileType = text.xcconfig; name = "Pods-Artable.debug.xcconfig"; path = "Target Support Files/Pods-Artable/Pods-Artable.debug.xcconfig"; sourceTree = "<group>"; };
		84B1ADC8EBD73D604453A5A7 /* Pods-Artable.release.xcconfig */ = {isa = PBXFileReference; includeInIndex = 1; lastKnownFileType = text.xcconfig; name = "Pods-Artable.release.xcconfig"; path = "Target Support Files/Pods-Artable/Pods-Artable.release.xcconfig"; sourceTree = "<group>"; };
		8E9985345850D49F929CE273 /* Pods_ArtableAdmin.framework */ = {isa = PBXFileReference; explicitFileType = wrapper.framework; includeInIndex = 0; path = Pods_ArtableAdmin.framework; sourceTree = BUILT_PRODUCTS_DIR; };
		E8CFB99B058FB2E71A88D202 /* Pods-ArtableAdmin.debug.xcconfig */ = {isa = PBXFileReference; includeInIndex = 1; lastKnownFileType = text.xcconfig; name = "Pods-ArtableAdmin.debug.xcconfig"; path = "Target Support Files/Pods-ArtableAdmin/Pods-ArtableAdmin.debug.xcconfig"; sourceTree = "<group>"; };
		FC08BCBB0DF8FB8E5DD20935 /* Pods-ArtableAdmin.release.xcconfig */ = {isa = PBXFileReference; includeInIndex = 1; lastKnownFileType = text.xcconfig; name = "Pods-ArtableAdmin.release.xcconfig"; path = "Target Support Files/Pods-ArtableAdmin/Pods-ArtableAdmin.release.xcconfig"; sourceTree = "<group>"; };
/* End PBXFileReference section */

/* Begin PBXFrameworksBuildPhase section */
		02AE2360248C17CB005B1370 /* Frameworks */ = {
			isa = PBXFrameworksBuildPhase;
			buildActionMask = 2147483647;
			files = (
				DD96E1CE511936054BB3745E /* Pods_Artable.framework in Frameworks */,
			);
			runOnlyForDeploymentPostprocessing = 0;
		};
		02AE237B248C181F005B1370 /* Frameworks */ = {
			isa = PBXFrameworksBuildPhase;
			buildActionMask = 2147483647;
			files = (
				ED1686103489A971DB408D04 /* Pods_ArtableAdmin.framework in Frameworks */,
			);
			runOnlyForDeploymentPostprocessing = 0;
		};
/* End PBXFrameworksBuildPhase section */

/* Begin PBXGroup section */
		0139B9DFE3699A44A879B284 /* Pods */ = {
			isa = PBXGroup;
			children = (
				50826E525D7D493EB7B9A4AA /* Pods-Artable.debug.xcconfig */,
				84B1ADC8EBD73D604453A5A7 /* Pods-Artable.release.xcconfig */,
				E8CFB99B058FB2E71A88D202 /* Pods-ArtableAdmin.debug.xcconfig */,
				FC08BCBB0DF8FB8E5DD20935 /* Pods-ArtableAdmin.release.xcconfig */,
			);
			path = Pods;
			sourceTree = "<group>";
		};
		0215C132248DB13D0070F60F /* Controller */ = {
			isa = PBXGroup;
			children = (
				02AE2366248C17CB005B1370 /* AppDelegate.swift */,
				02AE236A248C17CB005B1370 /* HomeVC.swift */,
				0215C136248DB1B20070F60F /* LoginVC.swift */,
				0215C13A248DB3480070F60F /* RegisterVC.swift */,
				028BA2D324902B0C006B7C6C /* ProductsVC.swift */,
			);
			path = Controller;
			sourceTree = "<group>";
		};
		0215C133248DB1460070F60F /* View */ = {
			isa = PBXGroup;
			children = (
			);
			path = View;
			sourceTree = "<group>";
		};
		0215C134248DB1560070F60F /* Model */ = {
			isa = PBXGroup;
			children = (
				028BA2C924900376006B7C6C /* Category.swift */,
				028BA2D624902B75006B7C6C /* Product.swift */,
			);
			path = Model;
			sourceTree = "<group>";
		};
		0215C135248DB1600070F60F /* Storyboards */ = {
			isa = PBXGroup;
			children = (
				02AE2394248C2B27005B1370 /* LoginStoryboard.storyboard */,
				02AE236C248C17CB005B1370 /* Main.storyboard */,
				02AE2371248C17CD005B1370 /* LaunchScreen.storyboard */,
			);
			path = Storyboards;
			sourceTree = "<group>";
		};
		0215C13C248DBF050070F60F /* Utils */ = {
			isa = PBXGroup;
			children = (
				0215C13F248DBF360070F60F /* Extensions.swift */,
				0215C141248DCB960070F60F /* Constants.swift */,
				028BA2C6248F1B93006B7C6C /* FirebaseErrors.swift */,
			);
			path = Utils;
			sourceTree = "<group>";
		};
		0215C143248DD0250070F60F /* View */ = {
			isa = PBXGroup;
			children = (
				0215C144248DD0370070F60F /* RoundedViews.swift */,
				028BA2CC2490047D006B7C6C /* CategoryCell.swift */,
				028BA2D924902EBD006B7C6C /* ProductCell.swift */,
			);
			path = View;
			sourceTree = "<group>";
		};
		028BA2C1248F0E8B006B7C6C /* XIBs */ = {
			isa = PBXGroup;
			children = (
				028BA2C2248F0EB8006B7C6C /* ForgotPasswordVC.swift */,
				028BA2C3248F0EB8006B7C6C /* ForgotPasswordVC.xib */,
				028BA2DF2492F4AD006B7C6C /* ProductDetailVC.swift */,
				028BA2E02492F4AD006B7C6C /* ProductDetailVC.xib */,
			);
			path = XIBs;
			sourceTree = "<group>";
		};
		028BA2D2249004B4006B7C6C /* XIB's */ = {
			isa = PBXGroup;
			children = (
				028BA2CD2490047D006B7C6C /* CategoryCell.xib */,
				028BA2DA24902EBD006B7C6C /* ProductCell.xib */,
			);
			path = "XIB's";
			sourceTree = "<group>";
		};
		028BA2EC24931307006B7C6C /* Controller */ = {
			isa = PBXGroup;
			children = (
				028BA2E9249312FC006B7C6C /* AddEditCategoryVC.swift */,
				02AE2384248C181F005B1370 /* AdminHomeVC.swift */,
				02AE2380248C181F005B1370 /* AppDelegate.swift */,
				02D513B424942B9C001D284F /* AdminProductsVC.swift */,
				02D513B624943123001D284F /* AddEditProductVC.swift */,
			);
			path = Controller;
			sourceTree = "<group>";
		};
		02AE235A248C17CB005B1370 = {
			isa = PBXGroup;
			children = (
				02AE2392248C1EF7005B1370 /* Shared */,
				02AE2365248C17CB005B1370 /* Artable */,
				02AE237F248C181F005B1370 /* ArtableAdmin */,
				02AE2364248C17CB005B1370 /* Products */,
				0139B9DFE3699A44A879B284 /* Pods */,
				6466542EE7E7E9BCE51D114A /* Frameworks */,
			);
			sourceTree = "<group>";
		};
		02AE2364248C17CB005B1370 /* Products */ = {
			isa = PBXGroup;
			children = (
				02AE2363248C17CB005B1370 /* Artable.app */,
				02AE237E248C181F005B1370 /* ArtableAdmin.app */,
			);
			name = Products;
			sourceTree = "<group>";
		};
		02AE2365248C17CB005B1370 /* Artable */ = {
			isa = PBXGroup;
			children = (
				028BA2C1248F0E8B006B7C6C /* XIBs */,
				0215C133248DB1460070F60F /* View */,
				0215C132248DB13D0070F60F /* Controller */,
				0215C135248DB1600070F60F /* Storyboards */,
				02AE2374248C17CD005B1370 /* Info.plist */,
				02AE2396248C7F61005B1370 /* GoogleService-Info.plist */,
			);
			path = Artable;
			sourceTree = "<group>";
		};
		02AE237F248C181F005B1370 /* ArtableAdmin */ = {
			isa = PBXGroup;
			children = (
				028BA2EC24931307006B7C6C /* Controller */,
				02AE2382248C181F005B1370 /* SceneDelegate.swift */,
				02AE2386248C181F005B1370 /* Main.storyboard */,
				02AE238B248C1820005B1370 /* LaunchScreen.storyboard */,
				02AE239C248C97DC005B1370 /* GoogleService-Info.plist */,
				02AE238E248C1820005B1370 /* Info.plist */,
			);
			path = ArtableAdmin;
			sourceTree = "<group>";
		};
		02AE2392248C1EF7005B1370 /* Shared */ = {
			isa = PBXGroup;
			children = (
				028BA2D2249004B4006B7C6C /* XIB's */,
				0215C134248DB1560070F60F /* Model */,
				0215C143248DD0250070F60F /* View */,
				0215C13C248DBF050070F60F /* Utils */,
				02AE236F248C17CD005B1370 /* Assets.xcassets */,
			);
			path = Shared;
			sourceTree = "<group>";
		};
		6466542EE7E7E9BCE51D114A /* Frameworks */ = {
			isa = PBXGroup;
			children = (
				033530A12D1505154C5F0CD1 /* Pods_Artable.framework */,
				8E9985345850D49F929CE273 /* Pods_ArtableAdmin.framework */,
			);
			name = Frameworks;
			sourceTree = "<group>";
		};
/* End PBXGroup section */

/* Begin PBXNativeTarget section */
		02AE2362248C17CB005B1370 /* Artable */ = {
			isa = PBXNativeTarget;
			buildConfigurationList = 02AE2377248C17CD005B1370 /* Build configuration list for PBXNativeTarget "Artable" */;
			buildPhases = (
				6D1138E4FFD84249AA447A6A /* [CP] Check Pods Manifest.lock */,
				02AE235F248C17CB005B1370 /* Sources */,
				02AE2360248C17CB005B1370 /* Frameworks */,
				02AE2361248C17CB005B1370 /* Resources */,
				F538D70895889497D98884BE /* [CP] Embed Pods Frameworks */,
			);
			buildRules = (
			);
			dependencies = (
			);
			name = Artable;
			productName = Artable;
			productReference = 02AE2363248C17CB005B1370 /* Artable.app */;
			productType = "com.apple.product-type.application";
		};
		02AE237D248C181F005B1370 /* ArtableAdmin */ = {
			isa = PBXNativeTarget;
			buildConfigurationList = 02AE238F248C1820005B1370 /* Build configuration list for PBXNativeTarget "ArtableAdmin" */;
			buildPhases = (
				C7355D445F6177F930D8C8AB /* [CP] Check Pods Manifest.lock */,
				02AE237A248C181F005B1370 /* Sources */,
				02AE237B248C181F005B1370 /* Frameworks */,
				02AE237C248C181F005B1370 /* Resources */,
				535D3AF7E76DBD34D98396A5 /* [CP] Embed Pods Frameworks */,
			);
			buildRules = (
			);
			dependencies = (
			);
			name = ArtableAdmin;
			productName = ArtableAdmin;
			productReference = 02AE237E248C181F005B1370 /* ArtableAdmin.app */;
			productType = "com.apple.product-type.application";
		};
/* End PBXNativeTarget section */

/* Begin PBXProject section */
		02AE235B248C17CB005B1370 /* Project object */ = {
			isa = PBXProject;
			attributes = {
				LastSwiftUpdateCheck = 1130;
				LastUpgradeCheck = 1130;
				ORGANIZATIONNAME = "Kunal Dhingra";
				TargetAttributes = {
					02AE2362248C17CB005B1370 = {
						CreatedOnToolsVersion = 11.3.1;
					};
					02AE237D248C181F005B1370 = {
						CreatedOnToolsVersion = 11.3.1;
					};
				};
			};
			buildConfigurationList = 02AE235E248C17CB005B1370 /* Build configuration list for PBXProject "Artable" */;
			compatibilityVersion = "Xcode 9.3";
			developmentRegion = en;
			hasScannedForEncodings = 0;
			knownRegions = (
				en,
				Base,
			);
			mainGroup = 02AE235A248C17CB005B1370;
			productRefGroup = 02AE2364248C17CB005B1370 /* Products */;
			projectDirPath = "";
			projectRoot = "";
			targets = (
				02AE2362248C17CB005B1370 /* Artable */,
				02AE237D248C181F005B1370 /* ArtableAdmin */,
			);
		};
/* End PBXProject section */

/* Begin PBXResourcesBuildPhase section */
		02AE2361248C17CB005B1370 /* Resources */ = {
			isa = PBXResourcesBuildPhase;
			buildActionMask = 2147483647;
			files = (
				02AE2373248C17CD005B1370 /* LaunchScreen.storyboard in Resources */,
				028BA2DD24902EBD006B7C6C /* ProductCell.xib in Resources */,
				028BA2D02490047D006B7C6C /* CategoryCell.xib in Resources */,
				02AE2370248C17CD005B1370 /* Assets.xcassets in Resources */,
				02AE2397248C7F61005B1370 /* GoogleService-Info.plist in Resources */,
				02AE236E248C17CB005B1370 /* Main.storyboard in Resources */,
				028BA2E32492F4AD006B7C6C /* ProductDetailVC.xib in Resources */,
				028BA2C5248F0EB8006B7C6C /* ForgotPasswordVC.xib in Resources */,
				02AE2395248C2B27005B1370 /* LoginStoryboard.storyboard in Resources */,
			);
			runOnlyForDeploymentPostprocessing = 0;
		};
		02AE237C248C181F005B1370 /* Resources */ = {
			isa = PBXResourcesBuildPhase;
			buildActionMask = 2147483647;
			files = (
				028BA2D12490047D006B7C6C /* CategoryCell.xib in Resources */,
				02AE238D248C1820005B1370 /* LaunchScreen.storyboard in Resources */,
				02AE239D248C97DC005B1370 /* GoogleService-Info.plist in Resources */,
				028BA2DE24902EBD006B7C6C /* ProductCell.xib in Resources */,
				02AE2393248C1F19005B1370 /* Assets.xcassets in Resources */,
				02AE2388248C181F005B1370 /* Main.storyboard in Resources */,
				028BA2E42492F4AD006B7C6C /* ProductDetailVC.xib in Resources */,
			);
			runOnlyForDeploymentPostprocessing = 0;
		};
/* End PBXResourcesBuildPhase section */

/* Begin PBXShellScriptBuildPhase section */
		535D3AF7E76DBD34D98396A5 /* [CP] Embed Pods Frameworks */ = {
			isa = PBXShellScriptBuildPhase;
			buildActionMask = 2147483647;
			files = (
			);
			inputFileListPaths = (
				"${PODS_ROOT}/Target Support Files/Pods-ArtableAdmin/Pods-ArtableAdmin-frameworks-${CONFIGURATION}-input-files.xcfilelist",
			);
			name = "[CP] Embed Pods Frameworks";
			outputFileListPaths = (
				"${PODS_ROOT}/Target Support Files/Pods-ArtableAdmin/Pods-ArtableAdmin-frameworks-${CONFIGURATION}-output-files.xcfilelist",
			);
			runOnlyForDeploymentPostprocessing = 0;
			shellPath = /bin/sh;
			shellScript = "\"${PODS_ROOT}/Target Support Files/Pods-ArtableAdmin/Pods-ArtableAdmin-frameworks.sh\"\n";
			showEnvVarsInLog = 0;
		};
		6D1138E4FFD84249AA447A6A /* [CP] Check Pods Manifest.lock */ = {
			isa = PBXShellScriptBuildPhase;
			buildActionMask = 2147483647;
			files = (
			);
			inputFileListPaths = (
			);
			inputPaths = (
				"${PODS_PODFILE_DIR_PATH}/Podfile.lock",
				"${PODS_ROOT}/Manifest.lock",
			);
			name = "[CP] Check Pods Manifest.lock";
			outputFileListPaths = (
			);
			outputPaths = (
				"$(DERIVED_FILE_DIR)/Pods-Artable-checkManifestLockResult.txt",
			);
			runOnlyForDeploymentPostprocessing = 0;
			shellPath = /bin/sh;
			shellScript = "diff \"${PODS_PODFILE_DIR_PATH}/Podfile.lock\" \"${PODS_ROOT}/Manifest.lock\" > /dev/null\nif [ $? != 0 ] ; then\n    # print error to STDERR\n    echo \"error: The sandbox is not in sync with the Podfile.lock. Run 'pod install' or update your CocoaPods installation.\" >&2\n    exit 1\nfi\n# This output is used by Xcode 'outputs' to avoid re-running this script phase.\necho \"SUCCESS\" > \"${SCRIPT_OUTPUT_FILE_0}\"\n";
			showEnvVarsInLog = 0;
		};
		C7355D445F6177F930D8C8AB /* [CP] Check Pods Manifest.lock */ = {
			isa = PBXShellScriptBuildPhase;
			buildActionMask = 2147483647;
			files = (
			);
			inputFileListPaths = (
			);
			inputPaths = (
				"${PODS_PODFILE_DIR_PATH}/Podfile.lock",
				"${PODS_ROOT}/Manifest.lock",
			);
			name = "[CP] Check Pods Manifest.lock";
			outputFileListPaths = (
			);
			outputPaths = (
				"$(DERIVED_FILE_DIR)/Pods-ArtableAdmin-checkManifestLockResult.txt",
			);
			runOnlyForDeploymentPostprocessing = 0;
			shellPath = /bin/sh;
			shellScript = "diff \"${PODS_PODFILE_DIR_PATH}/Podfile.lock\" \"${PODS_ROOT}/Manifest.lock\" > /dev/null\nif [ $? != 0 ] ; then\n    # print error to STDERR\n    echo \"error: The sandbox is not in sync with the Podfile.lock. Run 'pod install' or update your CocoaPods installation.\" >&2\n    exit 1\nfi\n# This output is used by Xcode 'outputs' to avoid re-running this script phase.\necho \"SUCCESS\" > \"${SCRIPT_OUTPUT_FILE_0}\"\n";
			showEnvVarsInLog = 0;
		};
		F538D70895889497D98884BE /* [CP] Embed Pods Frameworks */ = {
			isa = PBXShellScriptBuildPhase;
			buildActionMask = 2147483647;
			files = (
			);
			inputFileListPaths = (
				"${PODS_ROOT}/Target Support Files/Pods-Artable/Pods-Artable-frameworks-${CONFIGURATION}-input-files.xcfilelist",
			);
			name = "[CP] Embed Pods Frameworks";
			outputFileListPaths = (
				"${PODS_ROOT}/Target Support Files/Pods-Artable/Pods-Artable-frameworks-${CONFIGURATION}-output-files.xcfilelist",
			);
			runOnlyForDeploymentPostprocessing = 0;
			shellPath = /bin/sh;
			shellScript = "\"${PODS_ROOT}/Target Support Files/Pods-Artable/Pods-Artable-frameworks.sh\"\n";
			showEnvVarsInLog = 0;
		};
/* End PBXShellScriptBuildPhase section */

/* Begin PBXSourcesBuildPhase section */
		02AE235F248C17CB005B1370 /* Sources */ = {
			isa = PBXSourcesBuildPhase;
			buildActionMask = 2147483647;
			files = (
				0215C140248DBF360070F60F /* Extensions.swift in Sources */,
				028BA2E12492F4AD006B7C6C /* ProductDetailVC.swift in Sources */,
				028BA2CA24900376006B7C6C /* Category.swift in Sources */,
				02AE236B248C17CB005B1370 /* HomeVC.swift in Sources */,
				028BA2C7248F1B93006B7C6C /* FirebaseErrors.swift in Sources */,
				0215C13B248DB3480070F60F /* RegisterVC.swift in Sources */,
				028BA2DB24902EBD006B7C6C /* ProductCell.swift in Sources */,
				02AE2367248C17CB005B1370 /* AppDelegate.swift in Sources */,
				0215C145248DD0370070F60F /* RoundedViews.swift in Sources */,
				0215C137248DB1B20070F60F /* LoginVC.swift in Sources */,
				028BA2D424902B0C006B7C6C /* ProductsVC.swift in Sources */,
				028BA2C4248F0EB8006B7C6C /* ForgotPasswordVC.swift in Sources */,
				0215C142248DCB960070F60F /* Constants.swift in Sources */,
				028BA2CE2490047D006B7C6C /* CategoryCell.swift in Sources */,
				028BA2D724902B75006B7C6C /* Product.swift in Sources */,
			);
			runOnlyForDeploymentPostprocessing = 0;
		};
		02AE237A248C181F005B1370 /* Sources */ = {
			isa = PBXSourcesBuildPhase;
			buildActionMask = 2147483647;
			files = (
				028BA2E624930F7B006B7C6C /* RoundedViews.swift in Sources */,
				02AE2385248C181F005B1370 /* AdminHomeVC.swift in Sources */,
				028BA2E22492F4AD006B7C6C /* ProductDetailVC.swift in Sources */,
				028BA2D824902B75006B7C6C /* Product.swift in Sources */,
				028BA2CB24900376006B7C6C /* Category.swift in Sources */,
				028BA2C8248F1C8E006B7C6C /* FirebaseErrors.swift in Sources */,
				02D513B524942B9C001D284F /* AdminProductsVC.swift in Sources */,
				02D513B724943123001D284F /* AddEditProductVC.swift in Sources */,
				02AE2381248C181F005B1370 /* AppDelegate.swift in Sources */,
				028BA2EB249312FC006B7C6C /* AddEditCategoryVC.swift in Sources */,
				028BA2D524902B0F006B7C6C /* ProductsVC.swift in Sources */,
				028BA2E724930F8B006B7C6C /* Extensions.swift in Sources */,
				028BA2DC24902EBD006B7C6C /* ProductCell.swift in Sources */,
				02AE2383248C181F005B1370 /* SceneDelegate.swift in Sources */,
				028BA2E824930F8F006B7C6C /* Constants.swift in Sources */,
				028BA2E524930E13006B7C6C /* HomeVC.swift in Sources */,
				028BA2CF2490047D006B7C6C /* CategoryCell.swift in Sources */,
			);
			runOnlyForDeploymentPostprocessing = 0;
		};
/* End PBXSourcesBuildPhase section */

/* Begin PBXVariantGroup section */
		02AE236C248C17CB005B1370 /* Main.storyboard */ = {
			isa = PBXVariantGroup;
			children = (
				02AE236D248C17CB005B1370 /* Base */,
			);
			name = Main.storyboard;
			sourceTree = "<group>";
		};
		02AE2371248C17CD005B1370 /* LaunchScreen.storyboard */ = {
			isa = PBXVariantGroup;
			children = (
				02AE2372248C17CD005B1370 /* Base */,
			);
			name = LaunchScreen.storyboard;
			sourceTree = "<group>";
		};
		02AE2386248C181F005B1370 /* Main.storyboard */ = {
			isa = PBXVariantGroup;
			children = (
				02AE2387248C181F005B1370 /* Base */,
			);
			name = Main.storyboard;
			sourceTree = "<group>";
		};
		02AE238B248C1820005B1370 /* LaunchScreen.storyboard */ = {
			isa = PBXVariantGroup;
			children = (
				02AE238C248C1820005B1370 /* Base */,
			);
			name = LaunchScreen.storyboard;
			sourceTree = "<group>";
		};
/* End PBXVariantGroup section */

/* Begin XCBuildConfiguration section */
		02AE2375248C17CD005B1370 /* Debug */ = {
			isa = XCBuildConfiguration;
			buildSettings = {
				ALWAYS_SEARCH_USER_PATHS = NO;
				CLANG_ANALYZER_NONNULL = YES;
				CLANG_ANALYZER_NUMBER_OBJECT_CONVERSION = YES_AGGRESSIVE;
				CLANG_CXX_LANGUAGE_STANDARD = "gnu++14";
				CLANG_CXX_LIBRARY = "libc++";
				CLANG_ENABLE_MODULES = YES;
				CLANG_ENABLE_OBJC_ARC = YES;
				CLANG_ENABLE_OBJC_WEAK = YES;
				CLANG_WARN_BLOCK_CAPTURE_AUTORELEASING = YES;
				CLANG_WARN_BOOL_CONVERSION = YES;
				CLANG_WARN_COMMA = YES;
				CLANG_WARN_CONSTANT_CONVERSION = YES;
				CLANG_WARN_DEPRECATED_OBJC_IMPLEMENTATIONS = YES;
				CLANG_WARN_DIRECT_OBJC_ISA_USAGE = YES_ERROR;
				CLANG_WARN_DOCUMENTATION_COMMENTS = YES;
				CLANG_WARN_EMPTY_BODY = YES;
				CLANG_WARN_ENUM_CONVERSION = YES;
				CLANG_WARN_INFINITE_RECURSION = YES;
				CLANG_WARN_INT_CONVERSION = YES;
				CLANG_WARN_NON_LITERAL_NULL_CONVERSION = YES;
				CLANG_WARN_OBJC_IMPLICIT_RETAIN_SELF = YES;
				CLANG_WARN_OBJC_LITERAL_CONVERSION = YES;
				CLANG_WARN_OBJC_ROOT_CLASS = YES_ERROR;
				CLANG_WARN_RANGE_LOOP_ANALYSIS = YES;
				CLANG_WARN_STRICT_PROTOTYPES = YES;
				CLANG_WARN_SUSPICIOUS_MOVE = YES;
				CLANG_WARN_UNGUARDED_AVAILABILITY = YES_AGGRESSIVE;
				CLANG_WARN_UNREACHABLE_CODE = YES;
				CLANG_WARN__DUPLICATE_METHOD_MATCH = YES;
				COPY_PHASE_STRIP = NO;
				DEBUG_INFORMATION_FORMAT = dwarf;
				ENABLE_STRICT_OBJC_MSGSEND = YES;
				ENABLE_TESTABILITY = YES;
				GCC_C_LANGUAGE_STANDARD = gnu11;
				GCC_DYNAMIC_NO_PIC = NO;
				GCC_NO_COMMON_BLOCKS = YES;
				GCC_OPTIMIZATION_LEVEL = 0;
				GCC_PREPROCESSOR_DEFINITIONS = (
					"DEBUG=1",
					"$(inherited)",
				);
				GCC_WARN_64_TO_32_BIT_CONVERSION = YES;
				GCC_WARN_ABOUT_RETURN_TYPE = YES_ERROR;
				GCC_WARN_UNDECLARED_SELECTOR = YES;
				GCC_WARN_UNINITIALIZED_AUTOS = YES_AGGRESSIVE;
				GCC_WARN_UNUSED_FUNCTION = YES;
				GCC_WARN_UNUSED_VARIABLE = YES;
				IPHONEOS_DEPLOYMENT_TARGET = 13.2;
				MTL_ENABLE_DEBUG_INFO = INCLUDE_SOURCE;
				MTL_FAST_MATH = YES;
				ONLY_ACTIVE_ARCH = YES;
				SDKROOT = iphoneos;
				SWIFT_ACTIVE_COMPILATION_CONDITIONS = DEBUG;
				SWIFT_OPTIMIZATION_LEVEL = "-Onone";
			};
			name = Debug;
		};
		02AE2376248C17CD005B1370 /* Release */ = {
			isa = XCBuildConfiguration;
			buildSettings = {
				ALWAYS_SEARCH_USER_PATHS = NO;
				CLANG_ANALYZER_NONNULL = YES;
				CLANG_ANALYZER_NUMBER_OBJECT_CONVERSION = YES_AGGRESSIVE;
				CLANG_CXX_LANGUAGE_STANDARD = "gnu++14";
				CLANG_CXX_LIBRARY = "libc++";
				CLANG_ENABLE_MODULES = YES;
				CLANG_ENABLE_OBJC_ARC = YES;
				CLANG_ENABLE_OBJC_WEAK = YES;
				CLANG_WARN_BLOCK_CAPTURE_AUTORELEASING = YES;
				CLANG_WARN_BOOL_CONVERSION = YES;
				CLANG_WARN_COMMA = YES;
				CLANG_WARN_CONSTANT_CONVERSION = YES;
				CLANG_WARN_DEPRECATED_OBJC_IMPLEMENTATIONS = YES;
				CLANG_WARN_DIRECT_OBJC_ISA_USAGE = YES_ERROR;
				CLANG_WARN_DOCUMENTATION_COMMENTS = YES;
				CLANG_WARN_EMPTY_BODY = YES;
				CLANG_WARN_ENUM_CONVERSION = YES;
				CLANG_WARN_INFINITE_RECURSION = YES;
				CLANG_WARN_INT_CONVERSION = YES;
				CLANG_WARN_NON_LITERAL_NULL_CONVERSION = YES;
				CLANG_WARN_OBJC_IMPLICIT_RETAIN_SELF = YES;
				CLANG_WARN_OBJC_LITERAL_CONVERSION = YES;
				CLANG_WARN_OBJC_ROOT_CLASS = YES_ERROR;
				CLANG_WARN_RANGE_LOOP_ANALYSIS = YES;
				CLANG_WARN_STRICT_PROTOTYPES = YES;
				CLANG_WARN_SUSPICIOUS_MOVE = YES;
				CLANG_WARN_UNGUARDED_AVAILABILITY = YES_AGGRESSIVE;
				CLANG_WARN_UNREACHABLE_CODE = YES;
				CLANG_WARN__DUPLICATE_METHOD_MATCH = YES;
				COPY_PHASE_STRIP = NO;
				DEBUG_INFORMATION_FORMAT = "dwarf-with-dsym";
				ENABLE_NS_ASSERTIONS = NO;
				ENABLE_STRICT_OBJC_MSGSEND = YES;
				GCC_C_LANGUAGE_STANDARD = gnu11;
				GCC_NO_COMMON_BLOCKS = YES;
				GCC_WARN_64_TO_32_BIT_CONVERSION = YES;
				GCC_WARN_ABOUT_RETURN_TYPE = YES_ERROR;
				GCC_WARN_UNDECLARED_SELECTOR = YES;
				GCC_WARN_UNINITIALIZED_AUTOS = YES_AGGRESSIVE;
				GCC_WARN_UNUSED_FUNCTION = YES;
				GCC_WARN_UNUSED_VARIABLE = YES;
				IPHONEOS_DEPLOYMENT_TARGET = 13.2;
				MTL_ENABLE_DEBUG_INFO = NO;
				MTL_FAST_MATH = YES;
				SDKROOT = iphoneos;
				SWIFT_COMPILATION_MODE = wholemodule;
				SWIFT_OPTIMIZATION_LEVEL = "-O";
				VALIDATE_PRODUCT = YES;
			};
			name = Release;
		};
		02AE2378248C17CD005B1370 /* Debug */ = {
			isa = XCBuildConfiguration;
			baseConfigurationReference = 50826E525D7D493EB7B9A4AA /* Pods-Artable.debug.xcconfig */;
			buildSettings = {
				ASSETCATALOG_COMPILER_APPICON_NAME = AppIcon;
				CODE_SIGN_STYLE = Automatic;
				INFOPLIST_FILE = Artable/Info.plist;
				IPHONEOS_DEPLOYMENT_TARGET = 13.2;
				LD_RUNPATH_SEARCH_PATHS = (
					"$(inherited)",
					"@executable_path/Frameworks",
				);
				PRODUCT_BUNDLE_IDENTIFIER = Kunal.Artable;
				PRODUCT_NAME = "$(TARGET_NAME)";
				SWIFT_VERSION = 5.0;
				TARGETED_DEVICE_FAMILY = "1,2";
			};
			name = Debug;
		};
		02AE2379248C17CD005B1370 /* Release */ = {
			isa = XCBuildConfiguration;
			baseConfigurationReference = 84B1ADC8EBD73D604453A5A7 /* Pods-Artable.release.xcconfig */;
			buildSettings = {
				ASSETCATALOG_COMPILER_APPICON_NAME = AppIcon;
				CODE_SIGN_STYLE = Automatic;
				INFOPLIST_FILE = Artable/Info.plist;
				IPHONEOS_DEPLOYMENT_TARGET = 13.2;
				LD_RUNPATH_SEARCH_PATHS = (
					"$(inherited)",
					"@executable_path/Frameworks",
				);
				PRODUCT_BUNDLE_IDENTIFIER = Kunal.Artable;
				PRODUCT_NAME = "$(TARGET_NAME)";
				SWIFT_VERSION = 5.0;
				TARGETED_DEVICE_FAMILY = "1,2";
			};
			name = Release;
		};
		02AE2390248C1820005B1370 /* Debug */ = {
			isa = XCBuildConfiguration;
			baseConfigurationReference = E8CFB99B058FB2E71A88D202 /* Pods-ArtableAdmin.debug.xcconfig */;
			buildSettings = {
				ASSETCATALOG_COMPILER_APPICON_NAME = AppIcon;
				CODE_SIGN_STYLE = Automatic;
				INFOPLIST_FILE = ArtableAdmin/Info.plist;
				LD_RUNPATH_SEARCH_PATHS = (
					"$(inherited)",
					"@executable_path/Frameworks",
				);
				PRODUCT_BUNDLE_IDENTIFIER = Kunal.ArtableAdmin;
				PRODUCT_NAME = "$(TARGET_NAME)";
				SWIFT_VERSION = 5.0;
				TARGETED_DEVICE_FAMILY = "1,2";
			};
			name = Debug;
		};
		02AE2391248C1820005B1370 /* Release */ = {
			isa = XCBuildConfiguration;
			baseConfigurationReference = FC08BCBB0DF8FB8E5DD20935 /* Pods-ArtableAdmin.release.xcconfig */;
			buildSettings = {
				ASSETCATALOG_COMPILER_APPICON_NAME = AppIcon;
				CODE_SIGN_STYLE = Automatic;
				INFOPLIST_FILE = ArtableAdmin/Info.plist;
				LD_RUNPATH_SEARCH_PATHS = (
					"$(inherited)",
					"@executable_path/Frameworks",
				);
				PRODUCT_BUNDLE_IDENTIFIER = Kunal.ArtableAdmin;
				PRODUCT_NAME = "$(TARGET_NAME)";
				SWIFT_VERSION = 5.0;
				TARGETED_DEVICE_FAMILY = "1,2";
			};
			name = Release;
		};
/* End XCBuildConfiguration section */

/* Begin XCConfigurationList section */
		02AE235E248C17CB005B1370 /* Build configuration list for PBXProject "Artable" */ = {
			isa = XCConfigurationList;
			buildConfigurations = (
				02AE2375248C17CD005B1370 /* Debug */,
				02AE2376248C17CD005B1370 /* Release */,
			);
			defaultConfigurationIsVisible = 0;
			defaultConfigurationName = Release;
		};
		02AE2377248C17CD005B1370 /* Build configuration list for PBXNativeTarget "Artable" */ = {
			isa = XCConfigurationList;
			buildConfigurations = (
				02AE2378248C17CD005B1370 /* Debug */,
				02AE2379248C17CD005B1370 /* Release */,
			);
			defaultConfigurationIsVisible = 0;
			defaultConfigurationName = Release;
		};
		02AE238F248C1820005B1370 /* Build configuration list for PBXNativeTarget "ArtableAdmin" */ = {
			isa = XCConfigurationList;
			buildConfigurations = (
				02AE2390248C1820005B1370 /* Debug */,
				02AE2391248C1820005B1370 /* Release */,
			);
			defaultConfigurationIsVisible = 0;
			defaultConfigurationName = Release;
		};
/* End XCConfigurationList section */
	};
	rootObject = 02AE235B248C17CB005B1370 /* Project object */;
}
